
Microsoft Visual Studio Solution File, Format Version 12.00
# Visual Studio Version 17
VisualStudioVersion = 17.8.34004.107
MinimumVisualStudioVersion = 10.0.40219.1
Project("{FAE04EC0-301F-11D3-BF4B-00C04F79EFBC}") = "LINQSamples", "TakeSkipDistinctChunkLINQMethods\LINQSamples.csproj", "{EBF8266C-7F27-47A5-890A-FC0C2C937C13}"
EndProject
Project("{FAE04EC0-301F-11D3-BF4B-00C04F79EFBC}") = "LINQSamples.Common", "LINQSamples.Common\LINQSamples.Common.csproj", "{6831434F-0A18-4E9A-B80C-2C28BBA9B64D}"
EndProject
Project("{FAE04EC0-301F-11D3-BF4B-00C04F79EFBC}") = "LINQSamples.DataLayer", "LINQSamples.DataLayer\LINQSamples.DataLayer.csproj", "{547AD537-4D06-45A1-A028-3C94CB9AA8AB}"
EndProject
Global
	GlobalSection(SolutionConfigurationPlatforms) = preSolution
		Debug|Any CPU = Debug|Any CPU
		Release|Any CPU = Release|Any CPU
	EndGlobalSection
	GlobalSection(ProjectConfigurationPlatforms) = postSolution
		{EBF8266C-7F27-47A5-890A-FC0C2C937C13}.Debug|Any CPU.ActiveCfg = Debug|Any CPU
		{EBF8266C-7F27-47A5-890A-FC0C2C937C13}.Debug|Any CPU.Build.0 = Debug|Any CPU
		{EBF8266C-7F27-47A5-890A-FC0C2C937C13}.Release|Any CPU.ActiveCfg = Release|Any CPU
		{EBF8266C-7F27-47A5-890A-FC0C2C937C13}.Release|Any CPU.Build.0 = Release|Any CPU
		{6831434F-0A18-4E9A-B80C-2C28BBA9B64D}.Debug|Any CPU.ActiveCfg = Debug|Any CPU
		{6831434F-0A18-4E9A-B80C-2C28BBA9B64D}.Debug|Any CPU.Build.0 = Debug|Any CPU
		{6831434F-0A18-4E9A-B80C-2C28BBA9B64D}.Release|Any CPU.ActiveCfg = Release|Any CPU
		{6831434F-0A18-4E9A-B80C-2C28BBA9B64D}.Release|Any CPU.Build.0 = Release|Any CPU
		{547AD537-4D06-45A1-A028-3C94CB9AA8AB}.Debug|Any CPU.ActiveCfg = Debug|Any CPU
		{547AD537-4D06-45A1-A028-3C94CB9AA8AB}.Debug|Any CPU.Build.0 = Debug|Any CPU
		{547AD537-4D06-45A1-A028-3C94CB9AA8AB}.Release|Any CPU.ActiveCfg = Release|Any CPU
		{547AD537-4D06-45A1-A028-3C94CB9AA8AB}.Release|Any CPU.Build.0 = Release|Any CPU
	EndGlobalSection
	GlobalSection(SolutionProperties) = preSolution
		HideSolutionNode = FALSE
	EndGlobalSection
	GlobalSection(ExtensibilityGlobals) = postSolution
		SolutionGuid = {4C925626-DE69-4360-953A-52B5FE629586}
	EndGlobalSection
EndGlobal
